// !$*UTF8*$!
{
	archiveVersion = 1;
	classes = {
	};
	objectVersion = 56;
	objects = {

/* Begin PBXBuildFile section */
		1896CFBE2C9A0DC500E81041 /* NotasApp.swift in Sources */ = {isa = PBXBuildFile; fileRef = 1896CFBD2C9A0DC500E81041 /* NotasApp.swift */; };
		1896CFC02C9A0DC500E81041 /* ContentView.swift in Sources */ = {isa = PBXBuildFile; fileRef = 1896CFBF2C9A0DC500E81041 /* ContentView.swift */; };
		1896CFC42C9A0DC600E81041 /* Assets.xcassets in Resources */ = {isa = PBXBuildFile; fileRef = 1896CFC32C9A0DC600E81041 /* Assets.xcassets */; };
		1896CFC72C9A0DC600E81041 /* Preview Assets.xcassets in Resources */ = {isa = PBXBuildFile; fileRef = 1896CFC62C9A0DC600E81041 /* Preview Assets.xcassets */; };
		1896CFCE2C9A117E00E81041 /* Note.swift in Sources */ = {isa = PBXBuildFile; fileRef = 1896CFCD2C9A117E00E81041 /* Note.swift */; };
		1896CFD12C9A127D00E81041 /* ViewModel.swift in Sources */ = {isa = PBXBuildFile; fileRef = 1896CFD02C9A127D00E81041 /* ViewModel.swift */; };
		1896CFD32C9A2AB800E81041 /* CreateNoteView.swift in Sources */ = {isa = PBXBuildFile; fileRef = 1896CFD22C9A2AB800E81041 /* CreateNoteView.swift */; };
		1896CFD52C9A34CD00E81041 /* UpdateNoteView.swift in Sources */ = {isa = PBXBuildFile; fileRef = 1896CFD42C9A34CD00E81041 /* UpdateNoteView.swift */; };
		1896CFDD2C9A577400E81041 /* NoteTest.swift in Sources */ = {isa = PBXBuildFile; fileRef = 1896CFDC2C9A577400E81041 /* NoteTest.swift */; };
		1896CFE42C9B40BE00E81041 /* ViewModelTests.swift in Sources */ = {isa = PBXBuildFile; fileRef = 1896CFE32C9B40BE00E81041 /* ViewModelTests.swift */; };
		1896CFE62C9B4A3100E81041 /* NotesDataBase.swift in Sources */ = {isa = PBXBuildFile; fileRef = 1896CFE52C9B4A3100E81041 /* NotesDataBase.swift */; };
/* End PBXBuildFile section */

/* Begin PBXContainerItemProxy section */
		1896CFDE2C9A577400E81041 /* PBXContainerItemProxy */ = {
			isa = PBXContainerItemProxy;
			containerPortal = 1896CFB22C9A0DC500E81041 /* Project object */;
			proxyType = 1;
			remoteGlobalIDString = 1896CFB92C9A0DC500E81041;
			remoteInfo = Notas;
		};
/* End PBXContainerItemProxy section */

/* Begin PBXFileReference section */
		1896CFBA2C9A0DC500E81041 /* Notas.app */ = {isa = PBXFileReference; explicitFileType = wrapper.application; includeInIndex = 0; path = Notas.app; sourceTree = BUILT_PRODUCTS_DIR; };
		1896CFBD2C9A0DC500E81041 /* NotasApp.swift */ = {isa = PBXFileReference; lastKnownFileType = sourcecode.swift; path = NotasApp.swift; sourceTree = "<group>"; };
		1896CFBF2C9A0DC500E81041 /* ContentView.swift */ = {isa = PBXFileReference; lastKnownFileType = sourcecode.swift; path = ContentView.swift; sourceTree = "<group>"; };
		1896CFC32C9A0DC600E81041 /* Assets.xcassets */ = {isa = PBXFileReference; lastKnownFileType = folder.assetcatalog; path = Assets.xcassets; sourceTree = "<group>"; };
		1896CFC62C9A0DC600E81041 /* Preview Assets.xcassets */ = {isa = PBXFileReference; lastKnownFileType = folder.assetcatalog; path = "Preview Assets.xcassets"; sourceTree = "<group>"; };
		1896CFCD2C9A117E00E81041 /* Note.swift */ = {isa = PBXFileReference; lastKnownFileType = sourcecode.swift; path = Note.swift; sourceTree = "<group>"; };
		1896CFD02C9A127D00E81041 /* ViewModel.swift */ = {isa = PBXFileReference; lastKnownFileType = sourcecode.swift; path = ViewModel.swift; sourceTree = "<group>"; };
		1896CFD22C9A2AB800E81041 /* CreateNoteView.swift */ = {isa = PBXFileReference; lastKnownFileType = sourcecode.swift; path = CreateNoteView.swift; sourceTree = "<group>"; };
		1896CFD42C9A34CD00E81041 /* UpdateNoteView.swift */ = {isa = PBXFileReference; lastKnownFileType = sourcecode.swift; path = UpdateNoteView.swift; sourceTree = "<group>"; };
		1896CFDA2C9A577400E81041 /* NotasTests.xctest */ = {isa = PBXFileReference; explicitFileType = wrapper.cfbundle; includeInIndex = 0; path = NotasTests.xctest; sourceTree = BUILT_PRODUCTS_DIR; };
		1896CFDC2C9A577400E81041 /* NoteTest.swift */ = {isa = PBXFileReference; lastKnownFileType = sourcecode.swift; path = NoteTest.swift; sourceTree = "<group>"; };
		1896CFE32C9B40BE00E81041 /* ViewModelTests.swift */ = {isa = PBXFileReference; lastKnownFileType = sourcecode.swift; path = ViewModelTests.swift; sourceTree = "<group>"; };
		1896CFE52C9B4A3100E81041 /* NotesDataBase.swift */ = {isa = PBXFileReference; lastKnownFileType = sourcecode.swift; path = NotesDataBase.swift; sourceTree = "<group>"; };
/* End PBXFileReference section */

/* Begin PBXFrameworksBuildPhase section */
		1896CFB72C9A0DC500E81041 /* Frameworks */ = {
			isa = PBXFrameworksBuildPhase;
			buildActionMask = 2147483647;
			files = (
			);
			runOnlyForDeploymentPostprocessing = 0;
		};
		1896CFD72C9A577400E81041 /* Frameworks */ = {
			isa = PBXFrameworksBuildPhase;
			buildActionMask = 2147483647;
			files = (
			);
			runOnlyForDeploymentPostprocessing = 0;
		};
/* End PBXFrameworksBuildPhase section */

/* Begin PBXGroup section */
		1896CFB12C9A0DC500E81041 = {
			isa = PBXGroup;
			children = (
				1896CFBC2C9A0DC500E81041 /* Notas */,
				1896CFDB2C9A577400E81041 /* NotasTests */,
				1896CFBB2C9A0DC500E81041 /* Products */,
			);
			sourceTree = "<group>";
		};
		1896CFBB2C9A0DC500E81041 /* Products */ = {
			isa = PBXGroup;
			children = (
				1896CFBA2C9A0DC500E81041 /* Notas.app */,
				1896CFDA2C9A577400E81041 /* NotasTests.xctest */,
			);
			name = Products;
			sourceTree = "<group>";
		};
		1896CFBC2C9A0DC500E81041 /* Notas */ = {
			isa = PBXGroup;
			children = (
				1896CFBD2C9A0DC500E81041 /* NotasApp.swift */,
				1896CFBF2C9A0DC500E81041 /* ContentView.swift */,
				1896CFCF2C9A123700E81041 /* Model */,
				1896CFD02C9A127D00E81041 /* ViewModel.swift */,
				1896CFD22C9A2AB800E81041 /* CreateNoteView.swift */,
				1896CFD42C9A34CD00E81041 /* UpdateNoteView.swift */,
				1896CFC32C9A0DC600E81041 /* Assets.xcassets */,
				1896CFC52C9A0DC600E81041 /* Preview Content */,
			);
			path = Notas;
			sourceTree = "<group>";
		};
		1896CFC52C9A0DC600E81041 /* Preview Content */ = {
			isa = PBXGroup;
			children = (
				1896CFC62C9A0DC600E81041 /* Preview Assets.xcassets */,
			);
			path = "Preview Content";
			sourceTree = "<group>";
		};
		1896CFCF2C9A123700E81041 /* Model */ = {
			isa = PBXGroup;
			children = (
				1896CFCD2C9A117E00E81041 /* Note.swift */,
			);
			path = Model;
			sourceTree = "<group>";
		};
		1896CFDB2C9A577400E81041 /* NotasTests */ = {
			isa = PBXGroup;
			children = (
				1896CFDC2C9A577400E81041 /* NoteTest.swift */,
				1896CFE32C9B40BE00E81041 /* ViewModelTests.swift */,
				1896CFE52C9B4A3100E81041 /* NotesDataBase.swift */,
			);
			path = NotasTests;
			sourceTree = "<group>";
		};
/* End PBXGroup section */

/* Begin PBXNativeTarget section */
		1896CFB92C9A0DC500E81041 /* Notas */ = {
			isa = PBXNativeTarget;
			buildConfigurationList = 1896CFCA2C9A0DC600E81041 /* Build configuration list for PBXNativeTarget "Notas" */;
			buildPhases = (
				1896CFB62C9A0DC500E81041 /* Sources */,
				1896CFB72C9A0DC500E81041 /* Frameworks */,
				1896CFB82C9A0DC500E81041 /* Resources */,
			);
			buildRules = (
			);
			dependencies = (
			);
			name = Notas;
			productName = Notas;
			productReference = 1896CFBA2C9A0DC500E81041 /* Notas.app */;
			productType = "com.apple.product-type.application";
		};
		1896CFD92C9A577400E81041 /* NotasTests */ = {
			isa = PBXNativeTarget;
			buildConfigurationList = 1896CFE02C9A577400E81041 /* Build configuration list for PBXNativeTarget "NotasTests" */;
			buildPhases = (
				1896CFD62C9A577400E81041 /* Sources */,
				1896CFD72C9A577400E81041 /* Frameworks */,
				1896CFD82C9A577400E81041 /* Resources */,
			);
			buildRules = (
			);
			dependencies = (
				1896CFDF2C9A577400E81041 /* PBXTargetDependency */,
			);
			name = NotasTests;
			productName = NotasTests;
			productReference = 1896CFDA2C9A577400E81041 /* NotasTests.xctest */;
			productType = "com.apple.product-type.bundle.unit-test";
		};
/* End PBXNativeTarget section */

/* Begin PBXProject section */
		1896CFB22C9A0DC500E81041 /* Project object */ = {
			isa = PBXProject;
			attributes = {
				BuildIndependentTargetsInParallel = 1;
				LastSwiftUpdateCheck = 1540;
				LastUpgradeCheck = 1540;
				TargetAttributes = {
					1896CFB92C9A0DC500E81041 = {
						CreatedOnToolsVersion = 15.4;
					};
					1896CFD92C9A577400E81041 = {
						CreatedOnToolsVersion = 15.4;
						TestTargetID = 1896CFB92C9A0DC500E81041;
					};
				};
			};
			buildConfigurationList = 1896CFB52C9A0DC500E81041 /* Build configuration list for PBXProject "Notas" */;
			compatibilityVersion = "Xcode 14.0";
			developmentRegion = en;
			hasScannedForEncodings = 0;
			knownRegions = (
				en,
				Base,
			);
			mainGroup = 1896CFB12C9A0DC500E81041;
			productRefGroup = 1896CFBB2C9A0DC500E81041 /* Products */;
			projectDirPath = "";
			projectRoot = "";
			targets = (
				1896CFB92C9A0DC500E81041 /* Notas */,
				1896CFD92C9A577400E81041 /* NotasTests */,
			);
		};
/* End PBXProject section */

/* Begin PBXResourcesBuildPhase section */
		1896CFB82C9A0DC500E81041 /* Resources */ = {
			isa = PBXResourcesBuildPhase;
			buildActionMask = 2147483647;
			files = (
				1896CFC72C9A0DC600E81041 /* Preview Assets.xcassets in Resources */,
				1896CFC42C9A0DC600E81041 /* Assets.xcassets in Resources */,
			);
			runOnlyForDeploymentPostprocessing = 0;
		};
		1896CFD82C9A577400E81041 /* Resources */ = {
			isa = PBXResourcesBuildPhase;
			buildActionMask = 2147483647;
			files = (
			);
			runOnlyForDeploymentPostprocessing = 0;
		};
/* End PBXResourcesBuildPhase section */

/* Begin PBXSourcesBuildPhase section */
		1896CFB62C9A0DC500E81041 /* Sources */ = {
			isa = PBXSourcesBuildPhase;
			buildActionMask = 2147483647;
			files = (
				1896CFD12C9A127D00E81041 /* ViewModel.swift in Sources */,
				1896CFC02C9A0DC500E81041 /* ContentView.swift in Sources */,
				1896CFBE2C9A0DC500E81041 /* NotasApp.swift in Sources */,
				1896CFD52C9A34CD00E81041 /* UpdateNoteView.swift in Sources */,
				1896CFD32C9A2AB800E81041 /* CreateNoteView.swift in Sources */,
				1896CFCE2C9A117E00E81041 /* Note.swift in Sources */,
			);
			runOnlyForDeploymentPostprocessing = 0;
		};
		1896CFD62C9A577400E81041 /* Sources */ = {
			isa = PBXSourcesBuildPhase;
			buildActionMask = 2147483647;
			files = (
				1896CFE42C9B40BE00E81041 /* ViewModelTests.swift in Sources */,
				1896CFDD2C9A577400E81041 /* NoteTest.swift in Sources */,
				1896CFE62C9B4A3100E81041 /* NotesDataBase.swift in Sources */,
			);
			runOnlyForDeploymentPostprocessing = 0;
		};
/* End PBXSourcesBuildPhase section */

/* Begin PBXTargetDependency section */
		1896CFDF2C9A577400E81041 /* PBXTargetDependency */ = {
			isa = PBXTargetDependency;
			target = 1896CFB92C9A0DC500E81041 /* Notas */;
			targetProxy = 1896CFDE2C9A577400E81041 /* PBXContainerItemProxy */;
		};
/* End PBXTargetDependency section */

/* Begin XCBuildConfiguration section */
		1896CFC82C9A0DC600E81041 /* Debug */ = {
			isa = XCBuildConfiguration;
			buildSettings = {
				ALWAYS_SEARCH_USER_PATHS = NO;
				ASSETCATALOG_COMPILER_GENERATE_SWIFT_ASSET_SYMBOL_EXTENSIONS = YES;
				CLANG_ANALYZER_NONNULL = YES;
				CLANG_ANALYZER_NUMBER_OBJECT_CONVERSION = YES_AGGRESSIVE;
				CLANG_CXX_LANGUAGE_STANDARD = "gnu++20";
				CLANG_ENABLE_MODULES = YES;
				CLANG_ENABLE_OBJC_ARC = YES;
				CLANG_ENABLE_OBJC_WEAK = YES;
				CLANG_WARN_BLOCK_CAPTURE_AUTORELEASING = YES;
				CLANG_WARN_BOOL_CONVERSION = YES;
				CLANG_WARN_COMMA = YES;
				CLANG_WARN_CONSTANT_CONVERSION = YES;
				CLANG_WARN_DEPRECATED_OBJC_IMPLEMENTATIONS = YES;
				CLANG_WARN_DIRECT_OBJC_ISA_USAGE = YES_ERROR;
				CLANG_WARN_DOCUMENTATION_COMMENTS = YES;
				CLANG_WARN_EMPTY_BODY = YES;
				CLANG_WARN_ENUM_CONVERSION = YES;
				CLANG_WARN_INFINITE_RECURSION = YES;
				CLANG_WARN_INT_CONVERSION = YES;
				CLANG_WARN_NON_LITERAL_NULL_CONVERSION = YES;
				CLANG_WARN_OBJC_IMPLICIT_RETAIN_SELF = YES;
				CLANG_WARN_OBJC_LITERAL_CONVERSION = YES;
				CLANG_WARN_OBJC_ROOT_CLASS = YES_ERROR;
				CLANG_WARN_QUOTED_INCLUDE_IN_FRAMEWORK_HEADER = YES;
				CLANG_WARN_RANGE_LOOP_ANALYSIS = YES;
				CLANG_WARN_STRICT_PROTOTYPES = YES;
				CLANG_WARN_SUSPICIOUS_MOVE = YES;
				CLANG_WARN_UNGUARDED_AVAILABILITY = YES_AGGRESSIVE;
				CLANG_WARN_UNREACHABLE_CODE = YES;
				CLANG_WARN__DUPLICATE_METHOD_MATCH = YES;
				COPY_PHASE_STRIP = NO;
				DEBUG_INFORMATION_FORMAT = dwarf;
				ENABLE_STRICT_OBJC_MSGSEND = YES;
				ENABLE_TESTABILITY = YES;
				ENABLE_USER_SCRIPT_SANDBOXING = YES;
				GCC_C_LANGUAGE_STANDARD = gnu17;
				GCC_DYNAMIC_NO_PIC = NO;
				GCC_NO_COMMON_BLOCKS = YES;
				GCC_OPTIMIZATION_LEVEL = 0;
				GCC_PREPROCESSOR_DEFINITIONS = (
					"DEBUG=1",
					"$(inherited)",
				);
				GCC_WARN_64_TO_32_BIT_CONVERSION = YES;
				GCC_WARN_ABOUT_RETURN_TYPE = YES_ERROR;
				GCC_WARN_UNDECLARED_SELECTOR = YES;
				GCC_WARN_UNINITIALIZED_AUTOS = YES_AGGRESSIVE;
				GCC_WARN_UNUSED_FUNCTION = YES;
				GCC_WARN_UNUSED_VARIABLE = YES;
				IPHONEOS_DEPLOYMENT_TARGET = 17.5;
				LOCALIZATION_PREFERS_STRING_CATALOGS = YES;
				MTL_ENABLE_DEBUG_INFO = INCLUDE_SOURCE;
				MTL_FAST_MATH = YES;
				ONLY_ACTIVE_ARCH = YES;
				SDKROOT = iphoneos;
				SWIFT_ACTIVE_COMPILATION_CONDITIONS = "DEBUG $(inherited)";
				SWIFT_OPTIMIZATION_LEVEL = "-Onone";
			};
			name = Debug;
		};
		1896CFC92C9A0DC600E81041 /* Release */ = {
			isa = XCBuildConfiguration;
			buildSettings = {
				ALWAYS_SEARCH_USER_PATHS = NO;
				ASSETCATALOG_COMPILER_GENERATE_SWIFT_ASSET_SYMBOL_EXTENSIONS = YES;
				CLANG_ANALYZER_NONNULL = YES;
				CLANG_ANALYZER_NUMBER_OBJECT_CONVERSION = YES_AGGRESSIVE;
				CLANG_CXX_LANGUAGE_STANDARD = "gnu++20";
				CLANG_ENABLE_MODULES = YES;
				CLANG_ENABLE_OBJC_ARC = YES;
				CLANG_ENABLE_OBJC_WEAK = YES;
				CLANG_WARN_BLOCK_CAPTURE_AUTORELEASING = YES;
				CLANG_WARN_BOOL_CONVERSION = YES;
				CLANG_WARN_COMMA = YES;
				CLANG_WARN_CONSTANT_CONVERSION = YES;
				CLANG_WARN_DEPRECATED_OBJC_IMPLEMENTATIONS = YES;
				CLANG_WARN_DIRECT_OBJC_ISA_USAGE = YES_ERROR;
				CLANG_WARN_DOCUMENTATION_COMMENTS = YES;
				CLANG_WARN_EMPTY_BODY = YES;
				CLANG_WARN_ENUM_CONVERSION = YES;
				CLANG_WARN_INFINITE_RECURSION = YES;
				CLANG_WARN_INT_CONVERSION = YES;
				CLANG_WARN_NON_LITERAL_NULL_CONVERSION = YES;
				CLANG_WARN_OBJC_IMPLICIT_RETAIN_SELF = YES;
				CLANG_WARN_OBJC_LITERAL_CONVERSION = YES;
				CLANG_WARN_OBJC_ROOT_CLASS = YES_ERROR;
				CLANG_WARN_QUOTED_INCLUDE_IN_FRAMEWORK_HEADER = YES;
				CLANG_WARN_RANGE_LOOP_ANALYSIS = YES;
				CLANG_WARN_STRICT_PROTOTYPES = YES;
				CLANG_WARN_SUSPICIOUS_MOVE = YES;
				CLANG_WARN_UNGUARDED_AVAILABILITY = YES_AGGRESSIVE;
				CLANG_WARN_UNREACHABLE_CODE = YES;
				CLANG_WARN__DUPLICATE_METHOD_MATCH = YES;
				COPY_PHASE_STRIP = NO;
				DEBUG_INFORMATION_FORMAT = "dwarf-with-dsym";
				ENABLE_NS_ASSERTIONS = NO;
				ENABLE_STRICT_OBJC_MSGSEND = YES;
				ENABLE_USER_SCRIPT_SANDBOXING = YES;
				GCC_C_LANGUAGE_STANDARD = gnu17;
				GCC_NO_COMMON_BLOCKS = YES;
				GCC_WARN_64_TO_32_BIT_CONVERSION = YES;
				GCC_WARN_ABOUT_RETURN_TYPE = YES_ERROR;
				GCC_WARN_UNDECLARED_SELECTOR = YES;
				GCC_WARN_UNINITIALIZED_AUTOS = YES_AGGRESSIVE;
				GCC_WARN_UNUSED_FUNCTION = YES;
				GCC_WARN_UNUSED_VARIABLE = YES;
				IPHONEOS_DEPLOYMENT_TARGET = 17.5;
				LOCALIZATION_PREFERS_STRING_CATALOGS = YES;
				MTL_ENABLE_DEBUG_INFO = NO;
				MTL_FAST_MATH = YES;
				SDKROOT = iphoneos;
				SWIFT_COMPILATION_MODE = wholemodule;
				VALIDATE_PRODUCT = YES;
			};
			name = Release;
		};
		1896CFCB2C9A0DC600E81041 /* Debug */ = {
			isa = XCBuildConfiguration;
			buildSettings = {
				ASSETCATALOG_COMPILER_APPICON_NAME = AppIcon;
				ASSETCATALOG_COMPILER_GLOBAL_ACCENT_COLOR_NAME = AccentColor;
				CODE_SIGN_STYLE = Automatic;
				CURRENT_PROJECT_VERSION = 1;
				DEVELOPMENT_ASSET_PATHS = "\"Notas/Preview Content\"";
				ENABLE_PREVIEWS = YES;
				GENERATE_INFOPLIST_FILE = YES;
				INFOPLIST_KEY_UIApplicationSceneManifest_Generation = YES;
				INFOPLIST_KEY_UIApplicationSupportsIndirectInputEvents = YES;
				INFOPLIST_KEY_UILaunchScreen_Generation = YES;
				INFOPLIST_KEY_UISupportedInterfaceOrientations_iPad = "UIInterfaceOrientationPortrait UIInterfaceOrientationPortraitUpsideDown UIInterfaceOrientationLandscapeLeft UIInterfaceOrientationLandscapeRight";
				INFOPLIST_KEY_UISupportedInterfaceOrientations_iPhone = "UIInterfaceOrientationPortrait UIInterfaceOrientationLandscapeLeft UIInterfaceOrientationLandscapeRight";
				LD_RUNPATH_SEARCH_PATHS = (
					"$(inherited)",
					"@executable_path/Frameworks",
				);
				MARKETING_VERSION = 1.0;
				PRODUCT_BUNDLE_IDENTIFIER = lv.Notas;
				PRODUCT_NAME = "$(TARGET_NAME)";
				SWIFT_EMIT_LOC_STRINGS = YES;
				SWIFT_VERSION = 5.0;
				TARGETED_DEVICE_FAMILY = "1,2";
			};
			name = Debug;
		};
		1896CFCC2C9A0DC600E81041 /* Release */ = {
			isa = XCBuildConfiguration;
			buildSettings = {
				ASSETCATALOG_COMPILER_APPICON_NAME = AppIcon;
				ASSETCATALOG_COMPILER_GLOBAL_ACCENT_COLOR_NAME = AccentColor;
				CODE_SIGN_STYLE = Automatic;
				CURRENT_PROJECT_VERSION = 1;
				DEVELOPMENT_ASSET_PATHS = "\"Notas/Preview Content\"";
				ENABLE_PREVIEWS = YES;
				GENERATE_INFOPLIST_FILE = YES;
				INFOPLIST_KEY_UIApplicationSceneManifest_Generation = YES;
				INFOPLIST_KEY_UIApplicationSupportsIndirectInputEvents = YES;
				INFOPLIST_KEY_UILaunchScreen_Generation = YES;
				INFOPLIST_KEY_UISupportedInterfaceOrientations_iPad = "UIInterfaceOrientationPortrait UIInterfaceOrientationPortraitUpsideDown UIInterfaceOrientationLandscapeLeft UIInterfaceOrientationLandscapeRight";
				INFOPLIST_KEY_UISupportedInterfaceOrientations_iPhone = "UIInterfaceOrientationPortrait UIInterfaceOrientationLandscapeLeft UIInterfaceOrientationLandscapeRight";
				LD_RUNPATH_SEARCH_PATHS = (
					"$(inherited)",
					"@executable_path/Frameworks",
				);
				MARKETING_VERSION = 1.0;
				PRODUCT_BUNDLE_IDENTIFIER = lv.Notas;
				PRODUCT_NAME = "$(TARGET_NAME)";
				SWIFT_EMIT_LOC_STRINGS = YES;
				SWIFT_VERSION = 5.0;
				TARGETED_DEVICE_FAMILY = "1,2";
			};
			name = Release;
		};
		1896CFE12C9A577400E81041 /* Debug */ = {
			isa = XCBuildConfiguration;
			buildSettings = {
				BUNDLE_LOADER = "$(TEST_HOST)";
				CODE_SIGN_STYLE = Automatic;
				CURRENT_PROJECT_VERSION = 1;
				GENERATE_INFOPLIST_FILE = YES;
				MARKETING_VERSION = 1.0;
				PRODUCT_BUNDLE_IDENTIFIER = lv.NotasTests;
				PRODUCT_NAME = "$(TARGET_NAME)";
				SWIFT_EMIT_LOC_STRINGS = NO;
				SWIFT_VERSION = 5.0;
				TARGETED_DEVICE_FAMILY = "1,2";
				TEST_HOST = "$(BUILT_PRODUCTS_DIR)/Notas.app/$(BUNDLE_EXECUTABLE_FOLDER_PATH)/Notas";
			};
			name = Debug;
		};
		1896CFE22C9A577400E81041 /* Release */ = {
			isa = XCBuildConfiguration;
			buildSettings = {
				BUNDLE_LOADER = "$(TEST_HOST)";
				CODE_SIGN_STYLE = Automatic;
				CURRENT_PROJECT_VERSION = 1;
				GENERATE_INFOPLIST_FILE = YES;
				MARKETING_VERSION = 1.0;
				PRODUCT_BUNDLE_IDENTIFIER = lv.NotasTests;
				PRODUCT_NAME = "$(TARGET_NAME)";
				SWIFT_EMIT_LOC_STRINGS = NO;
				SWIFT_VERSION = 5.0;
				TARGETED_DEVICE_FAMILY = "1,2";
				TEST_HOST = "$(BUILT_PRODUCTS_DIR)/Notas.app/$(BUNDLE_EXECUTABLE_FOLDER_PATH)/Notas";
			};
			name = Release;
		};
/* End XCBuildConfiguration section */

/* Begin XCConfigurationList section */
		1896CFB52C9A0DC500E81041 /* Build configuration list for PBXProject "Notas" */ = {
			isa = XCConfigurationList;
			buildConfigurations = (
				1896CFC82C9A0DC600E81041 /* Debug */,
				1896CFC92C9A0DC600E81041 /* Release */,
			);
			defaultConfigurationIsVisible = 0;
			defaultConfigurationName = Release;
		};
		1896CFCA2C9A0DC600E81041 /* Build configuration list for PBXNativeTarget "Notas" */ = {
			isa = XCConfigurationList;
			buildConfigurations = (
				1896CFCB2C9A0DC600E81041 /* Debug */,
				1896CFCC2C9A0DC600E81041 /* Release */,
			);
			defaultConfigurationIsVisible = 0;
			defaultConfigurationName = Release;
		};
		1896CFE02C9A577400E81041 /* Build configuration list for PBXNativeTarget "NotasTests" */ = {
			isa = XCConfigurationList;
			buildConfigurations = (
				1896CFE12C9A577400E81041 /* Debug */,
				1896CFE22C9A577400E81041 /* Release */,
			);
			defaultConfigurationIsVisible = 0;
			defaultConfigurationName = Release;
		};
/* End XCConfigurationList section */
	};
	rootObject = 1896CFB22C9A0DC500E81041 /* Project object */;
}
